
Microsoft Visual Studio Solution File, Format Version 12.00
# Visual Studio Version 17
VisualStudioVersion = 17.0.31903.59
MinimumVisualStudioVersion = 10.0.40219.1
Project("{FAE04EC0-301F-11D3-BF4B-00C04F79EFBC}") = "API", "API\API.csproj", "{61B88C8E-CB99-4745-BC28-AF928A4653B5}"
EndProject
Project("{FAE04EC0-301F-11D3-BF4B-00C04F79EFBC}") = "Application", "Application\Application.csproj", "{A673E1AF-5F34-4CD6-8753-F7DCF266122B}"
EndProject
Project("{FAE04EC0-301F-11D3-BF4B-00C04F79EFBC}") = "Domain", "Domain\Domain.csproj", "{38B9AFC6-2BB6-4B40-B318-5FAA0DFDD945}"
EndProject
Project("{FAE04EC0-301F-11D3-BF4B-00C04F79EFBC}") = "Infrastructure", "Infrastructure\Infrastructure.csproj", "{2CF83BF2-4C18-4979-B037-BF6847C94E8B}"
EndProject
Project("{FAE04EC0-301F-11D3-BF4B-00C04F79EFBC}") = "SharedKernel", "SharedKernel\SharedKernel.csproj", "{82AC0660-7128-43CB-906C-69928DD40595}"
EndProject
Global
	GlobalSection(SolutionConfigurationPlatforms) = preSolution
		Debug|Any CPU = Debug|Any CPU
		Debug|x64 = Debug|x64
		Debug|x86 = Debug|x86
		Release|Any CPU = Release|Any CPU
		Release|x64 = Release|x64
		Release|x86 = Release|x86
	EndGlobalSection
	GlobalSection(ProjectConfigurationPlatforms) = postSolution
		{61B88C8E-CB99-4745-BC28-AF928A4653B5}.Debug|Any CPU.ActiveCfg = Debug|Any CPU
		{61B88C8E-CB99-4745-BC28-AF928A4653B5}.Debug|Any CPU.Build.0 = Debug|Any CPU
		{61B88C8E-CB99-4745-BC28-AF928A4653B5}.Debug|x64.ActiveCfg = Debug|Any CPU
		{61B88C8E-CB99-4745-BC28-AF928A4653B5}.Debug|x64.Build.0 = Debug|Any CPU
		{61B88C8E-CB99-4745-BC28-AF928A4653B5}.Debug|x86.ActiveCfg = Debug|Any CPU
		{61B88C8E-CB99-4745-BC28-AF928A4653B5}.Debug|x86.Build.0 = Debug|Any CPU
		{61B88C8E-CB99-4745-BC28-AF928A4653B5}.Release|Any CPU.ActiveCfg = Release|Any CPU
		{61B88C8E-CB99-4745-BC28-AF928A4653B5}.Release|Any CPU.Build.0 = Release|Any CPU
		{61B88C8E-CB99-4745-BC28-AF928A4653B5}.Release|x64.ActiveCfg = Release|Any CPU
		{61B88C8E-CB99-4745-BC28-AF928A4653B5}.Release|x64.Build.0 = Release|Any CPU
		{61B88C8E-CB99-4745-BC28-AF928A4653B5}.Release|x86.ActiveCfg = Release|Any CPU
		{61B88C8E-CB99-4745-BC28-AF928A4653B5}.Release|x86.Build.0 = Release|Any CPU
		{A673E1AF-5F34-4CD6-8753-F7DCF266122B}.Debug|Any CPU.ActiveCfg = Debug|Any CPU
		{A673E1AF-5F34-4CD6-8753-F7DCF266122B}.Debug|Any CPU.Build.0 = Debug|Any CPU
		{A673E1AF-5F34-4CD6-8753-F7DCF266122B}.Debug|x64.ActiveCfg = Debug|Any CPU
		{A673E1AF-5F34-4CD6-8753-F7DCF266122B}.Debug|x64.Build.0 = Debug|Any CPU
		{A673E1AF-5F34-4CD6-8753-F7DCF266122B}.Debug|x86.ActiveCfg = Debug|Any CPU
		{A673E1AF-5F34-4CD6-8753-F7DCF266122B}.Debug|x86.Build.0 = Debug|Any CPU
		{A673E1AF-5F34-4CD6-8753-F7DCF266122B}.Release|Any CPU.ActiveCfg = Release|Any CPU
		{A673E1AF-5F34-4CD6-8753-F7DCF266122B}.Release|Any CPU.Build.0 = Release|Any CPU
		{A673E1AF-5F34-4CD6-8753-F7DCF266122B}.Release|x64.ActiveCfg = Release|Any CPU
		{A673E1AF-5F34-4CD6-8753-F7DCF266122B}.Release|x64.Build.0 = Release|Any CPU
		{A673E1AF-5F34-4CD6-8753-F7DCF266122B}.Release|x86.ActiveCfg = Release|Any CPU
		{A673E1AF-5F34-4CD6-8753-F7DCF266122B}.Release|x86.Build.0 = Release|Any CPU
		{38B9AFC6-2BB6-4B40-B318-5FAA0DFDD945}.Debug|Any CPU.ActiveCfg = Debug|Any CPU
		{38B9AFC6-2BB6-4B40-B318-5FAA0DFDD945}.Debug|Any CPU.Build.0 = Debug|Any CPU
		{38B9AFC6-2BB6-4B40-B318-5FAA0DFDD945}.Debug|x64.ActiveCfg = Debug|Any CPU
		{38B9AFC6-2BB6-4B40-B318-5FAA0DFDD945}.Debug|x64.Build.0 = Debug|Any CPU
		{38B9AFC6-2BB6-4B40-B318-5FAA0DFDD945}.Debug|x86.ActiveCfg = Debug|Any CPU
		{38B9AFC6-2BB6-4B40-B318-5FAA0DFDD945}.Debug|x86.Build.0 = Debug|Any CPU
		{38B9AFC6-2BB6-4B40-B318-5FAA0DFDD945}.Release|Any CPU.ActiveCfg = Release|Any CPU
		{38B9AFC6-2BB6-4B40-B318-5FAA0DFDD945}.Release|Any CPU.Build.0 = Release|Any CPU
		{38B9AFC6-2BB6-4B40-B318-5FAA0DFDD945}.Release|x64.ActiveCfg = Release|Any CPU
		{38B9AFC6-2BB6-4B40-B318-5FAA0DFDD945}.Release|x64.Build.0 = Release|Any CPU
		{38B9AFC6-2BB6-4B40-B318-5FAA0DFDD945}.Release|x86.ActiveCfg = Release|Any CPU
		{38B9AFC6-2BB6-4B40-B318-5FAA0DFDD945}.Release|x86.Build.0 = Release|Any CPU
		{2CF83BF2-4C18-4979-B037-BF6847C94E8B}.Debug|Any CPU.ActiveCfg = Debug|Any CPU
		{2CF83BF2-4C18-4979-B037-BF6847C94E8B}.Debug|Any CPU.Build.0 = Debug|Any CPU
		{2CF83BF2-4C18-4979-B037-BF6847C94E8B}.Debug|x64.ActiveCfg = Debug|Any CPU
		{2CF83BF2-4C18-4979-B037-BF6847C94E8B}.Debug|x64.Build.0 = Debug|Any CPU
		{2CF83BF2-4C18-4979-B037-BF6847C94E8B}.Debug|x86.ActiveCfg = Debug|Any CPU
		{2CF83BF2-4C18-4979-B037-BF6847C94E8B}.Debug|x86.Build.0 = Debug|Any CPU
		{2CF83BF2-4C18-4979-B037-BF6847C94E8B}.Release|Any CPU.ActiveCfg = Release|Any CPU
		{2CF83BF2-4C18-4979-B037-BF6847C94E8B}.Release|Any CPU.Build.0 = Release|Any CPU
		{2CF83BF2-4C18-4979-B037-BF6847C94E8B}.Release|x64.ActiveCfg = Release|Any CPU
		{2CF83BF2-4C18-4979-B037-BF6847C94E8B}.Release|x64.Build.0 = Release|Any CPU
		{2CF83BF2-4C18-4979-B037-BF6847C94E8B}.Release|x86.ActiveCfg = Release|Any CPU
		{2CF83BF2-4C18-4979-B037-BF6847C94E8B}.Release|x86.Build.0 = Release|Any CPU
		{82AC0660-7128-43CB-906C-69928DD40595}.Debug|Any CPU.ActiveCfg = Debug|Any CPU
		{82AC0660-7128-43CB-906C-69928DD40595}.Debug|Any CPU.Build.0 = Debug|Any CPU
		{82AC0660-7128-43CB-906C-69928DD40595}.Debug|x64.ActiveCfg = Debug|Any CPU
		{82AC0660-7128-43CB-906C-69928DD40595}.Debug|x64.Build.0 = Debug|Any CPU
		{82AC0660-7128-43CB-906C-69928DD40595}.Debug|x86.ActiveCfg = Debug|Any CPU
		{82AC0660-7128-43CB-906C-69928DD40595}.Debug|x86.Build.0 = Debug|Any CPU
		{82AC0660-7128-43CB-906C-69928DD40595}.Release|Any CPU.ActiveCfg = Release|Any CPU
		{82AC0660-7128-43CB-906C-69928DD40595}.Release|Any CPU.Build.0 = Release|Any CPU
		{82AC0660-7128-43CB-906C-69928DD40595}.Release|x64.ActiveCfg = Release|Any CPU
		{82AC0660-7128-43CB-906C-69928DD40595}.Release|x64.Build.0 = Release|Any CPU
		{82AC0660-7128-43CB-906C-69928DD40595}.Release|x86.ActiveCfg = Release|Any CPU
		{82AC0660-7128-43CB-906C-69928DD40595}.Release|x86.Build.0 = Release|Any CPU
	EndGlobalSection
	GlobalSection(SolutionProperties) = preSolution
		HideSolutionNode = FALSE
	EndGlobalSection
EndGlobal
