
Microsoft Visual Studio Solution File, Format Version 12.00
# Visual Studio Version 17
VisualStudioVersion = 17.0.31903.59
MinimumVisualStudioVersion = 10.0.40219.1
Project("{2150E333-8FDC-42A3-9474-1A3956D46DE8}") = "GateWay", "GateWay", "{E7BDDBC6-9FD1-D1D7-ACD8-2C4F8E3D2461}"
EndProject
Project("{FAE04EC0-301F-11D3-BF4B-00C04F79EFBC}") = "Application", "GateWay\Application\Application.csproj", "{9520EDA7-3AD7-4958-9D7F-ACDE19D31854}"
EndProject
Project("{FAE04EC0-301F-11D3-BF4B-00C04F79EFBC}") = "Infrastructure", "GateWay\Infrastructure\Infrastructure.csproj", "{03EFD7C6-1150-4277-8A5A-C45C5F10F534}"
EndProject
Project("{FAE04EC0-301F-11D3-BF4B-00C04F79EFBC}") = "WebAPI", "GateWay\WebAPI\WebAPI.csproj", "{260F2BC0-61F0-45F0-AE4C-C3096F814729}"
EndProject
Project("{2150E333-8FDC-42A3-9474-1A3956D46DE8}") = "Modules", "Modules", "{CA253913-39DE-BFD0-C9A3-4B7EC6FBDF17}"
EndProject
Project("{2150E333-8FDC-42A3-9474-1A3956D46DE8}") = "Product", "Product", "{539FB44B-6B57-F003-3F7F-E73C9676AD40}"
EndProject
Project("{FAE04EC0-301F-11D3-BF4B-00C04F79EFBC}") = "Product.Application", "Modules\Product\Product.Application\Product.Application.csproj", "{C5FF0A59-E967-4D28-B416-C887F36C1387}"
EndProject
Project("{FAE04EC0-301F-11D3-BF4B-00C04F79EFBC}") = "Product.Domain", "Modules\Product\Product.Domain\Product.Domain.csproj", "{D42C006C-76A3-41B4-875A-16E6D6273881}"
EndProject
Project("{FAE04EC0-301F-11D3-BF4B-00C04F79EFBC}") = "Product.Infrastructure", "Modules\Product\Product.Infrastructure\Product.Infrastructure.csproj", "{342E6EED-D0EF-4343-A763-2B82C5639535}"
EndProject
Project("{FAE04EC0-301F-11D3-BF4B-00C04F79EFBC}") = "Product.WebAPI", "Modules\Product\Product.WebAPI\Product.WebAPI.csproj", "{057CE7A8-B0F9-41D6-B839-1EFA54EB59C8}"
EndProject
Project("{FAE04EC0-301F-11D3-BF4B-00C04F79EFBC}") = "SharedKernel", "SharedKernel\SharedKernel.csproj", "{114BA885-20E8-485E-82F4-6F742CBD9437}"
EndProject
Global
	GlobalSection(SolutionConfigurationPlatforms) = preSolution
		Debug|Any CPU = Debug|Any CPU
		Debug|x64 = Debug|x64
		Debug|x86 = Debug|x86
		Release|Any CPU = Release|Any CPU
		Release|x64 = Release|x64
		Release|x86 = Release|x86
	EndGlobalSection
	GlobalSection(ProjectConfigurationPlatforms) = postSolution
		{9520EDA7-3AD7-4958-9D7F-ACDE19D31854}.Debug|Any CPU.ActiveCfg = Debug|Any CPU
		{9520EDA7-3AD7-4958-9D7F-ACDE19D31854}.Debug|Any CPU.Build.0 = Debug|Any CPU
		{9520EDA7-3AD7-4958-9D7F-ACDE19D31854}.Debug|x64.ActiveCfg = Debug|Any CPU
		{9520EDA7-3AD7-4958-9D7F-ACDE19D31854}.Debug|x64.Build.0 = Debug|Any CPU
		{9520EDA7-3AD7-4958-9D7F-ACDE19D31854}.Debug|x86.ActiveCfg = Debug|Any CPU
		{9520EDA7-3AD7-4958-9D7F-ACDE19D31854}.Debug|x86.Build.0 = Debug|Any CPU
		{9520EDA7-3AD7-4958-9D7F-ACDE19D31854}.Release|Any CPU.ActiveCfg = Release|Any CPU
		{9520EDA7-3AD7-4958-9D7F-ACDE19D31854}.Release|Any CPU.Build.0 = Release|Any CPU
		{9520EDA7-3AD7-4958-9D7F-ACDE19D31854}.Release|x64.ActiveCfg = Release|Any CPU
		{9520EDA7-3AD7-4958-9D7F-ACDE19D31854}.Release|x64.Build.0 = Release|Any CPU
		{9520EDA7-3AD7-4958-9D7F-ACDE19D31854}.Release|x86.ActiveCfg = Release|Any CPU
		{9520EDA7-3AD7-4958-9D7F-ACDE19D31854}.Release|x86.Build.0 = Release|Any CPU
		{03EFD7C6-1150-4277-8A5A-C45C5F10F534}.Debug|Any CPU.ActiveCfg = Debug|Any CPU
		{03EFD7C6-1150-4277-8A5A-C45C5F10F534}.Debug|Any CPU.Build.0 = Debug|Any CPU
		{03EFD7C6-1150-4277-8A5A-C45C5F10F534}.Debug|x64.ActiveCfg = Debug|Any CPU
		{03EFD7C6-1150-4277-8A5A-C45C5F10F534}.Debug|x64.Build.0 = Debug|Any CPU
		{03EFD7C6-1150-4277-8A5A-C45C5F10F534}.Debug|x86.ActiveCfg = Debug|Any CPU
		{03EFD7C6-1150-4277-8A5A-C45C5F10F534}.Debug|x86.Build.0 = Debug|Any CPU
		{03EFD7C6-1150-4277-8A5A-C45C5F10F534}.Release|Any CPU.ActiveCfg = Release|Any CPU
		{03EFD7C6-1150-4277-8A5A-C45C5F10F534}.Release|Any CPU.Build.0 = Release|Any CPU
		{03EFD7C6-1150-4277-8A5A-C45C5F10F534}.Release|x64.ActiveCfg = Release|Any CPU
		{03EFD7C6-1150-4277-8A5A-C45C5F10F534}.Release|x64.Build.0 = Release|Any CPU
		{03EFD7C6-1150-4277-8A5A-C45C5F10F534}.Release|x86.ActiveCfg = Release|Any CPU
		{03EFD7C6-1150-4277-8A5A-C45C5F10F534}.Release|x86.Build.0 = Release|Any CPU
		{260F2BC0-61F0-45F0-AE4C-C3096F814729}.Debug|Any CPU.ActiveCfg = Debug|Any CPU
		{260F2BC0-61F0-45F0-AE4C-C3096F814729}.Debug|Any CPU.Build.0 = Debug|Any CPU
		{260F2BC0-61F0-45F0-AE4C-C3096F814729}.Debug|x64.ActiveCfg = Debug|Any CPU
		{260F2BC0-61F0-45F0-AE4C-C3096F814729}.Debug|x64.Build.0 = Debug|Any CPU
		{260F2BC0-61F0-45F0-AE4C-C3096F814729}.Debug|x86.ActiveCfg = Debug|Any CPU
		{260F2BC0-61F0-45F0-AE4C-C3096F814729}.Debug|x86.Build.0 = Debug|Any CPU
		{260F2BC0-61F0-45F0-AE4C-C3096F814729}.Release|Any CPU.ActiveCfg = Release|Any CPU
		{260F2BC0-61F0-45F0-AE4C-C3096F814729}.Release|Any CPU.Build.0 = Release|Any CPU
		{260F2BC0-61F0-45F0-AE4C-C3096F814729}.Release|x64.ActiveCfg = Release|Any CPU
		{260F2BC0-61F0-45F0-AE4C-C3096F814729}.Release|x64.Build.0 = Release|Any CPU
		{260F2BC0-61F0-45F0-AE4C-C3096F814729}.Release|x86.ActiveCfg = Release|Any CPU
		{260F2BC0-61F0-45F0-AE4C-C3096F814729}.Release|x86.Build.0 = Release|Any CPU
		{C5FF0A59-E967-4D28-B416-C887F36C1387}.Debug|Any CPU.ActiveCfg = Debug|Any CPU
		{C5FF0A59-E967-4D28-B416-C887F36C1387}.Debug|Any CPU.Build.0 = Debug|Any CPU
		{C5FF0A59-E967-4D28-B416-C887F36C1387}.Debug|x64.ActiveCfg = Debug|Any CPU
		{C5FF0A59-E967-4D28-B416-C887F36C1387}.Debug|x64.Build.0 = Debug|Any CPU
		{C5FF0A59-E967-4D28-B416-C887F36C1387}.Debug|x86.ActiveCfg = Debug|Any CPU
		{C5FF0A59-E967-4D28-B416-C887F36C1387}.Debug|x86.Build.0 = Debug|Any CPU
		{C5FF0A59-E967-4D28-B416-C887F36C1387}.Release|Any CPU.ActiveCfg = Release|Any CPU
		{C5FF0A59-E967-4D28-B416-C887F36C1387}.Release|Any CPU.Build.0 = Release|Any CPU
		{C5FF0A59-E967-4D28-B416-C887F36C1387}.Release|x64.ActiveCfg = Release|Any CPU
		{C5FF0A59-E967-4D28-B416-C887F36C1387}.Release|x64.Build.0 = Release|Any CPU
		{C5FF0A59-E967-4D28-B416-C887F36C1387}.Release|x86.ActiveCfg = Release|Any CPU
		{C5FF0A59-E967-4D28-B416-C887F36C1387}.Release|x86.Build.0 = Release|Any CPU
		{D42C006C-76A3-41B4-875A-16E6D6273881}.Debug|Any CPU.ActiveCfg = Debug|Any CPU
		{D42C006C-76A3-41B4-875A-16E6D6273881}.Debug|Any CPU.Build.0 = Debug|Any CPU
		{D42C006C-76A3-41B4-875A-16E6D6273881}.Debug|x64.ActiveCfg = Debug|Any CPU
		{D42C006C-76A3-41B4-875A-16E6D6273881}.Debug|x64.Build.0 = Debug|Any CPU
		{D42C006C-76A3-41B4-875A-16E6D6273881}.Debug|x86.ActiveCfg = Debug|Any CPU
		{D42C006C-76A3-41B4-875A-16E6D6273881}.Debug|x86.Build.0 = Debug|Any CPU
		{D42C006C-76A3-41B4-875A-16E6D6273881}.Release|Any CPU.ActiveCfg = Release|Any CPU
		{D42C006C-76A3-41B4-875A-16E6D6273881}.Release|Any CPU.Build.0 = Release|Any CPU
		{D42C006C-76A3-41B4-875A-16E6D6273881}.Release|x64.ActiveCfg = Release|Any CPU
		{D42C006C-76A3-41B4-875A-16E6D6273881}.Release|x64.Build.0 = Release|Any CPU
		{D42C006C-76A3-41B4-875A-16E6D6273881}.Release|x86.ActiveCfg = Release|Any CPU
		{D42C006C-76A3-41B4-875A-16E6D6273881}.Release|x86.Build.0 = Release|Any CPU
		{342E6EED-D0EF-4343-A763-2B82C5639535}.Debug|Any CPU.ActiveCfg = Debug|Any CPU
		{342E6EED-D0EF-4343-A763-2B82C5639535}.Debug|Any CPU.Build.0 = Debug|Any CPU
		{342E6EED-D0EF-4343-A763-2B82C5639535}.Debug|x64.ActiveCfg = Debug|Any CPU
		{342E6EED-D0EF-4343-A763-2B82C5639535}.Debug|x64.Build.0 = Debug|Any CPU
		{342E6EED-D0EF-4343-A763-2B82C5639535}.Debug|x86.ActiveCfg = Debug|Any CPU
		{342E6EED-D0EF-4343-A763-2B82C5639535}.Debug|x86.Build.0 = Debug|Any CPU
		{342E6EED-D0EF-4343-A763-2B82C5639535}.Release|Any CPU.ActiveCfg = Release|Any CPU
		{342E6EED-D0EF-4343-A763-2B82C5639535}.Release|Any CPU.Build.0 = Release|Any CPU
		{342E6EED-D0EF-4343-A763-2B82C5639535}.Release|x64.ActiveCfg = Release|Any CPU
		{342E6EED-D0EF-4343-A763-2B82C5639535}.Release|x64.Build.0 = Release|Any CPU
		{342E6EED-D0EF-4343-A763-2B82C5639535}.Release|x86.ActiveCfg = Release|Any CPU
		{342E6EED-D0EF-4343-A763-2B82C5639535}.Release|x86.Build.0 = Release|Any CPU
		{057CE7A8-B0F9-41D6-B839-1EFA54EB59C8}.Debug|Any CPU.ActiveCfg = Debug|Any CPU
		{057CE7A8-B0F9-41D6-B839-1EFA54EB59C8}.Debug|Any CPU.Build.0 = Debug|Any CPU
		{057CE7A8-B0F9-41D6-B839-1EFA54EB59C8}.Debug|x64.ActiveCfg = Debug|Any CPU
		{057CE7A8-B0F9-41D6-B839-1EFA54EB59C8}.Debug|x64.Build.0 = Debug|Any CPU
		{057CE7A8-B0F9-41D6-B839-1EFA54EB59C8}.Debug|x86.ActiveCfg = Debug|Any CPU
		{057CE7A8-B0F9-41D6-B839-1EFA54EB59C8}.Debug|x86.Build.0 = Debug|Any CPU
		{057CE7A8-B0F9-41D6-B839-1EFA54EB59C8}.Release|Any CPU.ActiveCfg = Release|Any CPU
		{057CE7A8-B0F9-41D6-B839-1EFA54EB59C8}.Release|Any CPU.Build.0 = Release|Any CPU
		{057CE7A8-B0F9-41D6-B839-1EFA54EB59C8}.Release|x64.ActiveCfg = Release|Any CPU
		{057CE7A8-B0F9-41D6-B839-1EFA54EB59C8}.Release|x64.Build.0 = Release|Any CPU
		{057CE7A8-B0F9-41D6-B839-1EFA54EB59C8}.Release|x86.ActiveCfg = Release|Any CPU
		{057CE7A8-B0F9-41D6-B839-1EFA54EB59C8}.Release|x86.Build.0 = Release|Any CPU
		{114BA885-20E8-485E-82F4-6F742CBD9437}.Debug|Any CPU.ActiveCfg = Debug|Any CPU
		{114BA885-20E8-485E-82F4-6F742CBD9437}.Debug|Any CPU.Build.0 = Debug|Any CPU
		{114BA885-20E8-485E-82F4-6F742CBD9437}.Debug|x64.ActiveCfg = Debug|Any CPU
		{114BA885-20E8-485E-82F4-6F742CBD9437}.Debug|x64.Build.0 = Debug|Any CPU
		{114BA885-20E8-485E-82F4-6F742CBD9437}.Debug|x86.ActiveCfg = Debug|Any CPU
		{114BA885-20E8-485E-82F4-6F742CBD9437}.Debug|x86.Build.0 = Debug|Any CPU
		{114BA885-20E8-485E-82F4-6F742CBD9437}.Release|Any CPU.ActiveCfg = Release|Any CPU
		{114BA885-20E8-485E-82F4-6F742CBD9437}.Release|Any CPU.Build.0 = Release|Any CPU
		{114BA885-20E8-485E-82F4-6F742CBD9437}.Release|x64.ActiveCfg = Release|Any CPU
		{114BA885-20E8-485E-82F4-6F742CBD9437}.Release|x64.Build.0 = Release|Any CPU
		{114BA885-20E8-485E-82F4-6F742CBD9437}.Release|x86.ActiveCfg = Release|Any CPU
		{114BA885-20E8-485E-82F4-6F742CBD9437}.Release|x86.Build.0 = Release|Any CPU
	EndGlobalSection
	GlobalSection(SolutionProperties) = preSolution
		HideSolutionNode = FALSE
	EndGlobalSection
	GlobalSection(NestedProjects) = preSolution
		{9520EDA7-3AD7-4958-9D7F-ACDE19D31854} = {E7BDDBC6-9FD1-D1D7-ACD8-2C4F8E3D2461}
		{03EFD7C6-1150-4277-8A5A-C45C5F10F534} = {E7BDDBC6-9FD1-D1D7-ACD8-2C4F8E3D2461}
		{260F2BC0-61F0-45F0-AE4C-C3096F814729} = {E7BDDBC6-9FD1-D1D7-ACD8-2C4F8E3D2461}
		{539FB44B-6B57-F003-3F7F-E73C9676AD40} = {CA253913-39DE-BFD0-C9A3-4B7EC6FBDF17}
		{C5FF0A59-E967-4D28-B416-C887F36C1387} = {539FB44B-6B57-F003-3F7F-E73C9676AD40}
		{D42C006C-76A3-41B4-875A-16E6D6273881} = {539FB44B-6B57-F003-3F7F-E73C9676AD40}
		{342E6EED-D0EF-4343-A763-2B82C5639535} = {539FB44B-6B57-F003-3F7F-E73C9676AD40}
		{057CE7A8-B0F9-41D6-B839-1EFA54EB59C8} = {539FB44B-6B57-F003-3F7F-E73C9676AD40}
	EndGlobalSection
EndGlobal
