
Microsoft Visual Studio Solution File, Format Version 12.00
# Visual Studio Version 17
VisualStudioVersion = 17.0.31903.59
MinimumVisualStudioVersion = 10.0.40219.1
Project("{2150E333-8FDC-42A3-9474-1A3956D46DE8}") = "SkTeam", "SkTeam", "{115B75B0-C417-64BD-8FC2-88E8B8A17EC5}"
EndProject
Project("{FAE04EC0-301F-11D3-BF4B-00C04F79EFBC}") = "API", "SkTeam\API\API.csproj", "{5D1ABF23-19CF-408D-A541-DAF4D415AEB5}"
EndProject
Project("{FAE04EC0-301F-11D3-BF4B-00C04F79EFBC}") = "Application", "SkTeam\Application\Application.csproj", "{BC552E46-AE16-4C1E-81A5-29E39A05C80A}"
EndProject
Project("{FAE04EC0-301F-11D3-BF4B-00C04F79EFBC}") = "Domain", "SkTeam\Domain\Domain.csproj", "{BD2971E6-0A80-4D3A-9ABE-B94FF1201272}"
EndProject
Project("{FAE04EC0-301F-11D3-BF4B-00C04F79EFBC}") = "Infrastructure", "SkTeam\Infrastructure\Infrastructure.csproj", "{5B455FAF-D897-4AC8-A191-02BEDA1358D7}"
EndProject
Project("{FAE04EC0-301F-11D3-BF4B-00C04F79EFBC}") = "SharedKernel", "SkTeam\SharedKernel\SharedKernel.csproj", "{229BD78B-B743-40B2-BF67-F3FEABF911DD}"
EndProject
Global
	GlobalSection(SolutionConfigurationPlatforms) = preSolution
		Debug|Any CPU = Debug|Any CPU
		Debug|x64 = Debug|x64
		Debug|x86 = Debug|x86
		Release|Any CPU = Release|Any CPU
		Release|x64 = Release|x64
		Release|x86 = Release|x86
	EndGlobalSection
	GlobalSection(ProjectConfigurationPlatforms) = postSolution
		{5D1ABF23-19CF-408D-A541-DAF4D415AEB5}.Debug|Any CPU.ActiveCfg = Debug|Any CPU
		{5D1ABF23-19CF-408D-A541-DAF4D415AEB5}.Debug|Any CPU.Build.0 = Debug|Any CPU
		{5D1ABF23-19CF-408D-A541-DAF4D415AEB5}.Debug|x64.ActiveCfg = Debug|Any CPU
		{5D1ABF23-19CF-408D-A541-DAF4D415AEB5}.Debug|x64.Build.0 = Debug|Any CPU
		{5D1ABF23-19CF-408D-A541-DAF4D415AEB5}.Debug|x86.ActiveCfg = Debug|Any CPU
		{5D1ABF23-19CF-408D-A541-DAF4D415AEB5}.Debug|x86.Build.0 = Debug|Any CPU
		{5D1ABF23-19CF-408D-A541-DAF4D415AEB5}.Release|Any CPU.ActiveCfg = Release|Any CPU
		{5D1ABF23-19CF-408D-A541-DAF4D415AEB5}.Release|Any CPU.Build.0 = Release|Any CPU
		{5D1ABF23-19CF-408D-A541-DAF4D415AEB5}.Release|x64.ActiveCfg = Release|Any CPU
		{5D1ABF23-19CF-408D-A541-DAF4D415AEB5}.Release|x64.Build.0 = Release|Any CPU
		{5D1ABF23-19CF-408D-A541-DAF4D415AEB5}.Release|x86.ActiveCfg = Release|Any CPU
		{5D1ABF23-19CF-408D-A541-DAF4D415AEB5}.Release|x86.Build.0 = Release|Any CPU
		{BC552E46-AE16-4C1E-81A5-29E39A05C80A}.Debug|Any CPU.ActiveCfg = Debug|Any CPU
		{BC552E46-AE16-4C1E-81A5-29E39A05C80A}.Debug|Any CPU.Build.0 = Debug|Any CPU
		{BC552E46-AE16-4C1E-81A5-29E39A05C80A}.Debug|x64.ActiveCfg = Debug|Any CPU
		{BC552E46-AE16-4C1E-81A5-29E39A05C80A}.Debug|x64.Build.0 = Debug|Any CPU
		{BC552E46-AE16-4C1E-81A5-29E39A05C80A}.Debug|x86.ActiveCfg = Debug|Any CPU
		{BC552E46-AE16-4C1E-81A5-29E39A05C80A}.Debug|x86.Build.0 = Debug|Any CPU
		{BC552E46-AE16-4C1E-81A5-29E39A05C80A}.Release|Any CPU.ActiveCfg = Release|Any CPU
		{BC552E46-AE16-4C1E-81A5-29E39A05C80A}.Release|Any CPU.Build.0 = Release|Any CPU
		{BC552E46-AE16-4C1E-81A5-29E39A05C80A}.Release|x64.ActiveCfg = Release|Any CPU
		{BC552E46-AE16-4C1E-81A5-29E39A05C80A}.Release|x64.Build.0 = Release|Any CPU
		{BC552E46-AE16-4C1E-81A5-29E39A05C80A}.Release|x86.ActiveCfg = Release|Any CPU
		{BC552E46-AE16-4C1E-81A5-29E39A05C80A}.Release|x86.Build.0 = Release|Any CPU
		{BD2971E6-0A80-4D3A-9ABE-B94FF1201272}.Debug|Any CPU.ActiveCfg = Debug|Any CPU
		{BD2971E6-0A80-4D3A-9ABE-B94FF1201272}.Debug|Any CPU.Build.0 = Debug|Any CPU
		{BD2971E6-0A80-4D3A-9ABE-B94FF1201272}.Debug|x64.ActiveCfg = Debug|Any CPU
		{BD2971E6-0A80-4D3A-9ABE-B94FF1201272}.Debug|x64.Build.0 = Debug|Any CPU
		{BD2971E6-0A80-4D3A-9ABE-B94FF1201272}.Debug|x86.ActiveCfg = Debug|Any CPU
		{BD2971E6-0A80-4D3A-9ABE-B94FF1201272}.Debug|x86.Build.0 = Debug|Any CPU
		{BD2971E6-0A80-4D3A-9ABE-B94FF1201272}.Release|Any CPU.ActiveCfg = Release|Any CPU
		{BD2971E6-0A80-4D3A-9ABE-B94FF1201272}.Release|Any CPU.Build.0 = Release|Any CPU
		{BD2971E6-0A80-4D3A-9ABE-B94FF1201272}.Release|x64.ActiveCfg = Release|Any CPU
		{BD2971E6-0A80-4D3A-9ABE-B94FF1201272}.Release|x64.Build.0 = Release|Any CPU
		{BD2971E6-0A80-4D3A-9ABE-B94FF1201272}.Release|x86.ActiveCfg = Release|Any CPU
		{BD2971E6-0A80-4D3A-9ABE-B94FF1201272}.Release|x86.Build.0 = Release|Any CPU
		{5B455FAF-D897-4AC8-A191-02BEDA1358D7}.Debug|Any CPU.ActiveCfg = Debug|Any CPU
		{5B455FAF-D897-4AC8-A191-02BEDA1358D7}.Debug|Any CPU.Build.0 = Debug|Any CPU
		{5B455FAF-D897-4AC8-A191-02BEDA1358D7}.Debug|x64.ActiveCfg = Debug|Any CPU
		{5B455FAF-D897-4AC8-A191-02BEDA1358D7}.Debug|x64.Build.0 = Debug|Any CPU
		{5B455FAF-D897-4AC8-A191-02BEDA1358D7}.Debug|x86.ActiveCfg = Debug|Any CPU
		{5B455FAF-D897-4AC8-A191-02BEDA1358D7}.Debug|x86.Build.0 = Debug|Any CPU
		{5B455FAF-D897-4AC8-A191-02BEDA1358D7}.Release|Any CPU.ActiveCfg = Release|Any CPU
		{5B455FAF-D897-4AC8-A191-02BEDA1358D7}.Release|Any CPU.Build.0 = Release|Any CPU
		{5B455FAF-D897-4AC8-A191-02BEDA1358D7}.Release|x64.ActiveCfg = Release|Any CPU
		{5B455FAF-D897-4AC8-A191-02BEDA1358D7}.Release|x64.Build.0 = Release|Any CPU
		{5B455FAF-D897-4AC8-A191-02BEDA1358D7}.Release|x86.ActiveCfg = Release|Any CPU
		{5B455FAF-D897-4AC8-A191-02BEDA1358D7}.Release|x86.Build.0 = Release|Any CPU
		{229BD78B-B743-40B2-BF67-F3FEABF911DD}.Debug|Any CPU.ActiveCfg = Debug|Any CPU
		{229BD78B-B743-40B2-BF67-F3FEABF911DD}.Debug|Any CPU.Build.0 = Debug|Any CPU
		{229BD78B-B743-40B2-BF67-F3FEABF911DD}.Debug|x64.ActiveCfg = Debug|Any CPU
		{229BD78B-B743-40B2-BF67-F3FEABF911DD}.Debug|x64.Build.0 = Debug|Any CPU
		{229BD78B-B743-40B2-BF67-F3FEABF911DD}.Debug|x86.ActiveCfg = Debug|Any CPU
		{229BD78B-B743-40B2-BF67-F3FEABF911DD}.Debug|x86.Build.0 = Debug|Any CPU
		{229BD78B-B743-40B2-BF67-F3FEABF911DD}.Release|Any CPU.ActiveCfg = Release|Any CPU
		{229BD78B-B743-40B2-BF67-F3FEABF911DD}.Release|Any CPU.Build.0 = Release|Any CPU
		{229BD78B-B743-40B2-BF67-F3FEABF911DD}.Release|x64.ActiveCfg = Release|Any CPU
		{229BD78B-B743-40B2-BF67-F3FEABF911DD}.Release|x64.Build.0 = Release|Any CPU
		{229BD78B-B743-40B2-BF67-F3FEABF911DD}.Release|x86.ActiveCfg = Release|Any CPU
		{229BD78B-B743-40B2-BF67-F3FEABF911DD}.Release|x86.Build.0 = Release|Any CPU
	EndGlobalSection
	GlobalSection(SolutionProperties) = preSolution
		HideSolutionNode = FALSE
	EndGlobalSection
	GlobalSection(NestedProjects) = preSolution
		{5D1ABF23-19CF-408D-A541-DAF4D415AEB5} = {115B75B0-C417-64BD-8FC2-88E8B8A17EC5}
		{BC552E46-AE16-4C1E-81A5-29E39A05C80A} = {115B75B0-C417-64BD-8FC2-88E8B8A17EC5}
		{BD2971E6-0A80-4D3A-9ABE-B94FF1201272} = {115B75B0-C417-64BD-8FC2-88E8B8A17EC5}
		{5B455FAF-D897-4AC8-A191-02BEDA1358D7} = {115B75B0-C417-64BD-8FC2-88E8B8A17EC5}
		{229BD78B-B743-40B2-BF67-F3FEABF911DD} = {115B75B0-C417-64BD-8FC2-88E8B8A17EC5}
	EndGlobalSection
EndGlobal
