
Microsoft Visual Studio Solution File, Format Version 12.00
# Visual Studio Version 17
VisualStudioVersion = 17.0.31903.59
MinimumVisualStudioVersion = 10.0.40219.1
Project("{2150E333-8FDC-42A3-9474-1A3956D46DE8}") = "src", "src", "{827E0CD3-B72D-47B6-A68D-7590B98EB39B}"
EndProject
Project("{FAE04EC0-301F-11D3-BF4B-00C04F79EFBC}") = "HaiphongTech.API", "src\HaiphongTech.API\HaiphongTech.API.csproj", "{B71CFDA9-4B99-45D8-B287-2314FAA40F76}"
EndProject
Project("{FAE04EC0-301F-11D3-BF4B-00C04F79EFBC}") = "HaiphongTech.Application", "src\HaiphongTech.Application\HaiphongTech.Application.csproj", "{498729CC-DA8E-499D-808B-F60108C248B9}"
EndProject
Project("{FAE04EC0-301F-11D3-BF4B-00C04F79EFBC}") = "HaiphongTech.Domain", "src\HaiphongTech.Domain\HaiphongTech.Domain.csproj", "{0F3F856D-C0D9-4BA8-88B8-440B9978F01E}"
EndProject
Project("{FAE04EC0-301F-11D3-BF4B-00C04F79EFBC}") = "HaiphongTech.Infrastructure", "src\HaiphongTech.Infrastructure\HaiphongTech.Infrastructure.csproj", "{2883DC76-E789-40A3-B806-EAAACAB8E595}"
EndProject
Project("{FAE04EC0-301F-11D3-BF4B-00C04F79EFBC}") = "HaiphongTech.SharedKernel", "src\HaiphongTech.SharedKernel\HaiphongTech.SharedKernel.csproj", "{203300A3-5564-4C7D-B8BD-23AB01686696}"
EndProject
Project("{2150E333-8FDC-42A3-9474-1A3956D46DE8}") = "tests", "tests", "{0AB3BF05-4346-4AA6-1389-037BE0695223}"
EndProject
Project("{FAE04EC0-301F-11D3-BF4B-00C04F79EFBC}") = "HaiphongTech.UnitTests", "tests\HaiphongTech.UnitTests\HaiphongTech.UnitTests.csproj", "{CDEF609D-56BA-42B5-BD80-8ECEF3ED7187}"
EndProject
Project("{FAE04EC0-301F-11D3-BF4B-00C04F79EFBC}") = "HaiphongTech.IntegrationTests", "tests\HaiphongTech.IntegrationTests\HaiphongTech.IntegrationTests.csproj", "{145462A0-BC5E-459A-9A6B-4AD78C25091A}"
EndProject
Global
	GlobalSection(SolutionConfigurationPlatforms) = preSolution
		Debug|Any CPU = Debug|Any CPU
		Debug|x64 = Debug|x64
		Debug|x86 = Debug|x86
		Release|Any CPU = Release|Any CPU
		Release|x64 = Release|x64
		Release|x86 = Release|x86
	EndGlobalSection
	GlobalSection(ProjectConfigurationPlatforms) = postSolution
		{B71CFDA9-4B99-45D8-B287-2314FAA40F76}.Debug|Any CPU.ActiveCfg = Debug|Any CPU
		{B71CFDA9-4B99-45D8-B287-2314FAA40F76}.Debug|Any CPU.Build.0 = Debug|Any CPU
		{B71CFDA9-4B99-45D8-B287-2314FAA40F76}.Debug|x64.ActiveCfg = Debug|Any CPU
		{B71CFDA9-4B99-45D8-B287-2314FAA40F76}.Debug|x64.Build.0 = Debug|Any CPU
		{B71CFDA9-4B99-45D8-B287-2314FAA40F76}.Debug|x86.ActiveCfg = Debug|Any CPU
		{B71CFDA9-4B99-45D8-B287-2314FAA40F76}.Debug|x86.Build.0 = Debug|Any CPU
		{B71CFDA9-4B99-45D8-B287-2314FAA40F76}.Release|Any CPU.ActiveCfg = Release|Any CPU
		{B71CFDA9-4B99-45D8-B287-2314FAA40F76}.Release|Any CPU.Build.0 = Release|Any CPU
		{B71CFDA9-4B99-45D8-B287-2314FAA40F76}.Release|x64.ActiveCfg = Release|Any CPU
		{B71CFDA9-4B99-45D8-B287-2314FAA40F76}.Release|x64.Build.0 = Release|Any CPU
		{B71CFDA9-4B99-45D8-B287-2314FAA40F76}.Release|x86.ActiveCfg = Release|Any CPU
		{B71CFDA9-4B99-45D8-B287-2314FAA40F76}.Release|x86.Build.0 = Release|Any CPU
		{498729CC-DA8E-499D-808B-F60108C248B9}.Debug|Any CPU.ActiveCfg = Debug|Any CPU
		{498729CC-DA8E-499D-808B-F60108C248B9}.Debug|Any CPU.Build.0 = Debug|Any CPU
		{498729CC-DA8E-499D-808B-F60108C248B9}.Debug|x64.ActiveCfg = Debug|Any CPU
		{498729CC-DA8E-499D-808B-F60108C248B9}.Debug|x64.Build.0 = Debug|Any CPU
		{498729CC-DA8E-499D-808B-F60108C248B9}.Debug|x86.ActiveCfg = Debug|Any CPU
		{498729CC-DA8E-499D-808B-F60108C248B9}.Debug|x86.Build.0 = Debug|Any CPU
		{498729CC-DA8E-499D-808B-F60108C248B9}.Release|Any CPU.ActiveCfg = Release|Any CPU
		{498729CC-DA8E-499D-808B-F60108C248B9}.Release|Any CPU.Build.0 = Release|Any CPU
		{498729CC-DA8E-499D-808B-F60108C248B9}.Release|x64.ActiveCfg = Release|Any CPU
		{498729CC-DA8E-499D-808B-F60108C248B9}.Release|x64.Build.0 = Release|Any CPU
		{498729CC-DA8E-499D-808B-F60108C248B9}.Release|x86.ActiveCfg = Release|Any CPU
		{498729CC-DA8E-499D-808B-F60108C248B9}.Release|x86.Build.0 = Release|Any CPU
		{0F3F856D-C0D9-4BA8-88B8-440B9978F01E}.Debug|Any CPU.ActiveCfg = Debug|Any CPU
		{0F3F856D-C0D9-4BA8-88B8-440B9978F01E}.Debug|Any CPU.Build.0 = Debug|Any CPU
		{0F3F856D-C0D9-4BA8-88B8-440B9978F01E}.Debug|x64.ActiveCfg = Debug|Any CPU
		{0F3F856D-C0D9-4BA8-88B8-440B9978F01E}.Debug|x64.Build.0 = Debug|Any CPU
		{0F3F856D-C0D9-4BA8-88B8-440B9978F01E}.Debug|x86.ActiveCfg = Debug|Any CPU
		{0F3F856D-C0D9-4BA8-88B8-440B9978F01E}.Debug|x86.Build.0 = Debug|Any CPU
		{0F3F856D-C0D9-4BA8-88B8-440B9978F01E}.Release|Any CPU.ActiveCfg = Release|Any CPU
		{0F3F856D-C0D9-4BA8-88B8-440B9978F01E}.Release|Any CPU.Build.0 = Release|Any CPU
		{0F3F856D-C0D9-4BA8-88B8-440B9978F01E}.Release|x64.ActiveCfg = Release|Any CPU
		{0F3F856D-C0D9-4BA8-88B8-440B9978F01E}.Release|x64.Build.0 = Release|Any CPU
		{0F3F856D-C0D9-4BA8-88B8-440B9978F01E}.Release|x86.ActiveCfg = Release|Any CPU
		{0F3F856D-C0D9-4BA8-88B8-440B9978F01E}.Release|x86.Build.0 = Release|Any CPU
		{2883DC76-E789-40A3-B806-EAAACAB8E595}.Debug|Any CPU.ActiveCfg = Debug|Any CPU
		{2883DC76-E789-40A3-B806-EAAACAB8E595}.Debug|Any CPU.Build.0 = Debug|Any CPU
		{2883DC76-E789-40A3-B806-EAAACAB8E595}.Debug|x64.ActiveCfg = Debug|Any CPU
		{2883DC76-E789-40A3-B806-EAAACAB8E595}.Debug|x64.Build.0 = Debug|Any CPU
		{2883DC76-E789-40A3-B806-EAAACAB8E595}.Debug|x86.ActiveCfg = Debug|Any CPU
		{2883DC76-E789-40A3-B806-EAAACAB8E595}.Debug|x86.Build.0 = Debug|Any CPU
		{2883DC76-E789-40A3-B806-EAAACAB8E595}.Release|Any CPU.ActiveCfg = Release|Any CPU
		{2883DC76-E789-40A3-B806-EAAACAB8E595}.Release|Any CPU.Build.0 = Release|Any CPU
		{2883DC76-E789-40A3-B806-EAAACAB8E595}.Release|x64.ActiveCfg = Release|Any CPU
		{2883DC76-E789-40A3-B806-EAAACAB8E595}.Release|x64.Build.0 = Release|Any CPU
		{2883DC76-E789-40A3-B806-EAAACAB8E595}.Release|x86.ActiveCfg = Release|Any CPU
		{2883DC76-E789-40A3-B806-EAAACAB8E595}.Release|x86.Build.0 = Release|Any CPU
		{203300A3-5564-4C7D-B8BD-23AB01686696}.Debug|Any CPU.ActiveCfg = Debug|Any CPU
		{203300A3-5564-4C7D-B8BD-23AB01686696}.Debug|Any CPU.Build.0 = Debug|Any CPU
		{203300A3-5564-4C7D-B8BD-23AB01686696}.Debug|x64.ActiveCfg = Debug|Any CPU
		{203300A3-5564-4C7D-B8BD-23AB01686696}.Debug|x64.Build.0 = Debug|Any CPU
		{203300A3-5564-4C7D-B8BD-23AB01686696}.Debug|x86.ActiveCfg = Debug|Any CPU
		{203300A3-5564-4C7D-B8BD-23AB01686696}.Debug|x86.Build.0 = Debug|Any CPU
		{203300A3-5564-4C7D-B8BD-23AB01686696}.Release|Any CPU.ActiveCfg = Release|Any CPU
		{203300A3-5564-4C7D-B8BD-23AB01686696}.Release|Any CPU.Build.0 = Release|Any CPU
		{203300A3-5564-4C7D-B8BD-23AB01686696}.Release|x64.ActiveCfg = Release|Any CPU
		{203300A3-5564-4C7D-B8BD-23AB01686696}.Release|x64.Build.0 = Release|Any CPU
		{203300A3-5564-4C7D-B8BD-23AB01686696}.Release|x86.ActiveCfg = Release|Any CPU
		{203300A3-5564-4C7D-B8BD-23AB01686696}.Release|x86.Build.0 = Release|Any CPU
		{CDEF609D-56BA-42B5-BD80-8ECEF3ED7187}.Debug|Any CPU.ActiveCfg = Debug|Any CPU
		{CDEF609D-56BA-42B5-BD80-8ECEF3ED7187}.Debug|Any CPU.Build.0 = Debug|Any CPU
		{CDEF609D-56BA-42B5-BD80-8ECEF3ED7187}.Debug|x64.ActiveCfg = Debug|Any CPU
		{CDEF609D-56BA-42B5-BD80-8ECEF3ED7187}.Debug|x64.Build.0 = Debug|Any CPU
		{CDEF609D-56BA-42B5-BD80-8ECEF3ED7187}.Debug|x86.ActiveCfg = Debug|Any CPU
		{CDEF609D-56BA-42B5-BD80-8ECEF3ED7187}.Debug|x86.Build.0 = Debug|Any CPU
		{CDEF609D-56BA-42B5-BD80-8ECEF3ED7187}.Release|Any CPU.ActiveCfg = Release|Any CPU
		{CDEF609D-56BA-42B5-BD80-8ECEF3ED7187}.Release|Any CPU.Build.0 = Release|Any CPU
		{CDEF609D-56BA-42B5-BD80-8ECEF3ED7187}.Release|x64.ActiveCfg = Release|Any CPU
		{CDEF609D-56BA-42B5-BD80-8ECEF3ED7187}.Release|x64.Build.0 = Release|Any CPU
		{CDEF609D-56BA-42B5-BD80-8ECEF3ED7187}.Release|x86.ActiveCfg = Release|Any CPU
		{CDEF609D-56BA-42B5-BD80-8ECEF3ED7187}.Release|x86.Build.0 = Release|Any CPU
		{145462A0-BC5E-459A-9A6B-4AD78C25091A}.Debug|Any CPU.ActiveCfg = Debug|Any CPU
		{145462A0-BC5E-459A-9A6B-4AD78C25091A}.Debug|Any CPU.Build.0 = Debug|Any CPU
		{145462A0-BC5E-459A-9A6B-4AD78C25091A}.Debug|x64.ActiveCfg = Debug|Any CPU
		{145462A0-BC5E-459A-9A6B-4AD78C25091A}.Debug|x64.Build.0 = Debug|Any CPU
		{145462A0-BC5E-459A-9A6B-4AD78C25091A}.Debug|x86.ActiveCfg = Debug|Any CPU
		{145462A0-BC5E-459A-9A6B-4AD78C25091A}.Debug|x86.Build.0 = Debug|Any CPU
		{145462A0-BC5E-459A-9A6B-4AD78C25091A}.Release|Any CPU.ActiveCfg = Release|Any CPU
		{145462A0-BC5E-459A-9A6B-4AD78C25091A}.Release|Any CPU.Build.0 = Release|Any CPU
		{145462A0-BC5E-459A-9A6B-4AD78C25091A}.Release|x64.ActiveCfg = Release|Any CPU
		{145462A0-BC5E-459A-9A6B-4AD78C25091A}.Release|x64.Build.0 = Release|Any CPU
		{145462A0-BC5E-459A-9A6B-4AD78C25091A}.Release|x86.ActiveCfg = Release|Any CPU
		{145462A0-BC5E-459A-9A6B-4AD78C25091A}.Release|x86.Build.0 = Release|Any CPU
	EndGlobalSection
	GlobalSection(SolutionProperties) = preSolution
		HideSolutionNode = FALSE
	EndGlobalSection
	GlobalSection(NestedProjects) = preSolution
		{B71CFDA9-4B99-45D8-B287-2314FAA40F76} = {827E0CD3-B72D-47B6-A68D-7590B98EB39B}
		{498729CC-DA8E-499D-808B-F60108C248B9} = {827E0CD3-B72D-47B6-A68D-7590B98EB39B}
		{0F3F856D-C0D9-4BA8-88B8-440B9978F01E} = {827E0CD3-B72D-47B6-A68D-7590B98EB39B}
		{2883DC76-E789-40A3-B806-EAAACAB8E595} = {827E0CD3-B72D-47B6-A68D-7590B98EB39B}
		{203300A3-5564-4C7D-B8BD-23AB01686696} = {827E0CD3-B72D-47B6-A68D-7590B98EB39B}
		{CDEF609D-56BA-42B5-BD80-8ECEF3ED7187} = {0AB3BF05-4346-4AA6-1389-037BE0695223}
		{145462A0-BC5E-459A-9A6B-4AD78C25091A} = {0AB3BF05-4346-4AA6-1389-037BE0695223}
	EndGlobalSection
EndGlobal
